
Microsoft Visual Studio Solution File, Format Version 12.00
# Visual Studio Version 16
VisualStudioVersion = 16.0.31702.278
MinimumVisualStudioVersion = 10.0.40219.1
Project("{FAE04EC0-301F-11D3-BF4B-00C04F79EFBC}") = "CSReview1", "CSReview1\CSReview1.csproj", "{B470831D-2BC2-41A9-ADA1-762585987EBB}"
EndProject
Global
	GlobalSection(SolutionConfigurationPlatforms) = preSolution
		Debug|Any CPU = Debug|Any CPU
		Release|Any CPU = Release|Any CPU
	EndGlobalSection
	GlobalSection(ProjectConfigurationPlatforms) = postSolution
		{B470831D-2BC2-41A9-ADA1-762585987EBB}.Debug|Any CPU.ActiveCfg = Debug|Any CPU
		{B470831D-2BC2-41A9-ADA1-762585987EBB}.Debug|Any CPU.Build.0 = Debug|Any CPU
		{B470831D-2BC2-41A9-ADA1-762585987EBB}.Release|Any CPU.ActiveCfg = Release|Any CPU
		{B470831D-2BC2-41A9-ADA1-762585987EBB}.Release|Any CPU.Build.0 = Release|Any CPU
	EndGlobalSection
	GlobalSection(SolutionProperties) = preSolution
		HideSolutionNode = FALSE
	EndGlobalSection
	GlobalSection(ExtensibilityGlobals) = postSolution
		SolutionGuid = {B2980F77-877B-4CE1-B570-3F0C350D9D7A}
	EndGlobalSection
EndGlobal
